{
  "name": "share-with-susan-calvin",
  "version": "0.1.2",
  "lockfileVersion": 3,
  "requires": true,
  "packages": {
    "": {
      "name": "share-with-susan-calvin",
      "version": "0.1.2",
      "license": "Apache-2.0",
      "os": [
        "darwin",
        "linux"
      ],
      "bin": {
        "share-with-susan-calvin": "server/cli.mjs"
      },
      "engines": {
        "node": ">=20"
      }
    }
  }
}
